// !$*UTF8*$!
{
	archiveVersion = 1;
	classes = {
	};
	objectVersion = 77;
	objects = {

/* Begin PBXContainerItemProxy section */
		98E41D202CFB503D00FDBFEE /* PBXContainerItemProxy */ = {
			isa = PBXContainerItemProxy;
			containerPortal = 98E41D012CFB503D00FDBFEE /* Project object */;
			proxyType = 1;
			remoteGlobalIDString = 98E41D082CFB503D00FDBFEE;
			remoteInfo = currencyExchange;
		};
		98E41D2A2CFB503D00FDBFEE /* PBXContainerItemProxy */ = {
			isa = PBXContainerItemProxy;
			containerPortal = 98E41D012CFB503D00FDBFEE /* Project object */;
			proxyType = 1;
			remoteGlobalIDString = 98E41D082CFB503D00FDBFEE;
			remoteInfo = currencyExchange;
		};
/* End PBXContainerItemProxy section */

/* Begin PBXFileReference section */
		98E41D092CFB503D00FDBFEE /* currencyExchange.app */ = {isa = PBXFileReference; explicitFileType = wrapper.application; includeInIndex = 0; path = currencyExchange.app; sourceTree = BUILT_PRODUCTS_DIR; };
		98E41D1F2CFB503D00FDBFEE /* currencyExchangeTests.xctest */ = {isa = PBXFileReference; explicitFileType = wrapper.cfbundle; includeInIndex = 0; path = currencyExchangeTests.xctest; sourceTree = BUILT_PRODUCTS_DIR; };
		98E41D292CFB503D00FDBFEE /* currencyExchangeUITests.xctest */ = {isa = PBXFileReference; explicitFileType = wrapper.cfbundle; includeInIndex = 0; path = currencyExchangeUITests.xctest; sourceTree = BUILT_PRODUCTS_DIR; };
/* End PBXFileReference section */

/* Begin PBXFileSystemSynchronizedBuildFileExceptionSet section */
		98E41D312CFB503D00FDBFEE /* Exceptions for "currencyExchange" folder in "currencyExchange" target */ = {
			isa = PBXFileSystemSynchronizedBuildFileExceptionSet;
			membershipExceptions = (
				Info.plist,
			);
			target = 98E41D082CFB503D00FDBFEE /* currencyExchange */;
		};
/* End PBXFileSystemSynchronizedBuildFileExceptionSet section */

/* Begin PBXFileSystemSynchronizedRootGroup section */
		98E41D0B2CFB503D00FDBFEE /* currencyExchange */ = {
			isa = PBXFileSystemSynchronizedRootGroup;
			exceptions = (
				98E41D312CFB503D00FDBFEE /* Exceptions for "currencyExchange" folder in "currencyExchange" target */,
			);
			path = currencyExchange;
			sourceTree = "<group>";
		};
		98E41D222CFB503D00FDBFEE /* currencyExchangeTests */ = {
			isa = PBXFileSystemSynchronizedRootGroup;
			path = currencyExchangeTests;
			sourceTree = "<group>";
		};
		98E41D2C2CFB503D00FDBFEE /* currencyExchangeUITests */ = {
			isa = PBXFileSystemSynchronizedRootGroup;
			path = currencyExchangeUITests;
			sourceTree = "<group>";
		};
/* End PBXFileSystemSynchronizedRootGroup section */

/* Begin PBXFrameworksBuildPhase section */
		98E41D062CFB503D00FDBFEE /* Frameworks */ = {
			isa = PBXFrameworksBuildPhase;
			buildActionMask = 2147483647;
			files = (
			);
			runOnlyForDeploymentPostprocessing = 0;
		};
		98E41D1C2CFB503D00FDBFEE /* Frameworks */ = {
			isa = PBXFrameworksBuildPhase;
			buildActionMask = 2147483647;
			files = (
			);
			runOnlyForDeploymentPostprocessing = 0;
		};
		98E41D262CFB503D00FDBFEE /* Frameworks */ = {
			isa = PBXFrameworksBuildPhase;
			buildActionMask = 2147483647;
			files = (
			);
			runOnlyForDeploymentPostprocessing = 0;
		};
/* End PBXFrameworksBuildPhase section */

/* Begin PBXGroup section */
		98E41D002CFB503D00FDBFEE = {
			isa = PBXGroup;
			children = (
				98E41D0B2CFB503D00FDBFEE /* currencyExchange */,
				98E41D222CFB503D00FDBFEE /* currencyExchangeTests */,
				98E41D2C2CFB503D00FDBFEE /* currencyExchangeUITests */,
				98E41D0A2CFB503D00FDBFEE /* Products */,
			);
			sourceTree = "<group>";
		};
		98E41D0A2CFB503D00FDBFEE /* Products */ = {
			isa = PBXGroup;
			children = (
				98E41D092CFB503D00FDBFEE /* currencyExchange.app */,
				98E41D1F2CFB503D00FDBFEE /* currencyExchangeTests.xctest */,
				98E41D292CFB503D00FDBFEE /* currencyExchangeUITests.xctest */,
			);
			name = Products;
			sourceTree = "<group>";
		};
/* End PBXGroup section */

/* Begin PBXNativeTarget section */
		98E41D082CFB503D00FDBFEE /* currencyExchange */ = {
			isa = PBXNativeTarget;
			buildConfigurationList = 98E41D322CFB503D00FDBFEE /* Build configuration list for PBXNativeTarget "currencyExchange" */;
			buildPhases = (
				98E41D052CFB503D00FDBFEE /* Sources */,
				98E41D062CFB503D00FDBFEE /* Frameworks */,
				98E41D072CFB503D00FDBFEE /* Resources */,
			);
			buildRules = (
			);
			dependencies = (
			);
			fileSystemSynchronizedGroups = (
				98E41D0B2CFB503D00FDBFEE /* currencyExchange */,
			);
			name = currencyExchange;
			packageProductDependencies = (
			);
			productName = currencyExchange;
			productReference = 98E41D092CFB503D00FDBFEE /* currencyExchange.app */;
			productType = "com.apple.product-type.application";
		};
		98E41D1E2CFB503D00FDBFEE /* currencyExchangeTests */ = {
			isa = PBXNativeTarget;
			buildConfigurationList = 98E41D372CFB503D00FDBFEE /* Build configuration list for PBXNativeTarget "currencyExchangeTests" */;
			buildPhases = (
				98E41D1B2CFB503D00FDBFEE /* Sources */,
				98E41D1C2CFB503D00FDBFEE /* Frameworks */,
				98E41D1D2CFB503D00FDBFEE /* Resources */,
			);
			buildRules = (
			);
			dependencies = (
				98E41D212CFB503D00FDBFEE /* PBXTargetDependency */,
			);
			fileSystemSynchronizedGroups = (
				98E41D222CFB503D00FDBFEE /* currencyExchangeTests */,
			);
			name = currencyExchangeTests;
			packageProductDependencies = (
			);
			productName = currencyExchangeTests;
			productReference = 98E41D1F2CFB503D00FDBFEE /* currencyExchangeTests.xctest */;
			productType = "com.apple.product-type.bundle.unit-test";
		};
		98E41D282CFB503D00FDBFEE /* currencyExchangeUITests */ = {
			isa = PBXNativeTarget;
			buildConfigurationList = 98E41D3A2CFB503D00FDBFEE /* Build configuration list for PBXNativeTarget "currencyExchangeUITests" */;
			buildPhases = (
				98E41D252CFB503D00FDBFEE /* Sources */,
				98E41D262CFB503D00FDBFEE /* Frameworks */,
				98E41D272CFB503D00FDBFEE /* Resources */,
			);
			buildRules = (
			);
			dependencies = (
				98E41D2B2CFB503D00FDBFEE /* PBXTargetDependency */,
			);
			fileSystemSynchronizedGroups = (
				98E41D2C2CFB503D00FDBFEE /* currencyExchangeUITests */,
			);
			name = currencyExchangeUITests;
			packageProductDependencies = (
			);
			productName = currencyExchangeUITests;
			productReference = 98E41D292CFB503D00FDBFEE /* currencyExchangeUITests.xctest */;
			productType = "com.apple.product-type.bundle.ui-testing";
		};
/* End PBXNativeTarget section */

/* Begin PBXProject section */
		98E41D012CFB503D00FDBFEE /* Project object */ = {
			isa = PBXProject;
			attributes = {
				BuildIndependentTargetsInParallel = 1;
				LastSwiftUpdateCheck = 1610;
				LastUpgradeCheck = 1610;
				TargetAttributes = {
					98E41D082CFB503D00FDBFEE = {
						CreatedOnToolsVersion = 16.1;
					};
					98E41D1E2CFB503D00FDBFEE = {
						CreatedOnToolsVersion = 16.1;
						TestTargetID = 98E41D082CFB503D00FDBFEE;
					};
					98E41D282CFB503D00FDBFEE = {
						CreatedOnToolsVersion = 16.1;
						TestTargetID = 98E41D082CFB503D00FDBFEE;
					};
				};
			};
			buildConfigurationList = 98E41D042CFB503D00FDBFEE /* Build configuration list for PBXProject "currencyExchange" */;
			developmentRegion = en;
			hasScannedForEncodings = 0;
			knownRegions = (
				en,
				Base,
			);
			mainGroup = 98E41D002CFB503D00FDBFEE;
			minimizedProjectReferenceProxies = 1;
			preferredProjectObjectVersion = 77;
			productRefGroup = 98E41D0A2CFB503D00FDBFEE /* Products */;
			projectDirPath = "";
			projectRoot = "";
			targets = (
				98E41D082CFB503D00FDBFEE /* currencyExchange */,
				98E41D1E2CFB503D00FDBFEE /* currencyExchangeTests */,
				98E41D282CFB503D00FDBFEE /* currencyExchangeUITests */,
			);
		};
/* End PBXProject section */

/* Begin PBXResourcesBuildPhase section */
		98E41D072CFB503D00FDBFEE /* Resources */ = {
			isa = PBXResourcesBuildPhase;
			buildActionMask = 2147483647;
			files = (
			);
			runOnlyForDeploymentPostprocessing = 0;
		};
		98E41D1D2CFB503D00FDBFEE /* Resources */ = {
			isa = PBXResourcesBuildPhase;
			buildActionMask = 2147483647;
			files = (
			);
			runOnlyForDeploymentPostprocessing = 0;
		};
		98E41D272CFB503D00FDBFEE /* Resources */ = {
			isa = PBXResourcesBuildPhase;
			buildActionMask = 2147483647;
			files = (
			);
			runOnlyForDeploymentPostprocessing = 0;
		};
/* End PBXResourcesBuildPhase section */

/* Begin PBXSourcesBuildPhase section */
		98E41D052CFB503D00FDBFEE /* Sources */ = {
			isa = PBXSourcesBuildPhase;
			buildActionMask = 2147483647;
			files = (
			);
			runOnlyForDeploymentPostprocessing = 0;
		};
		98E41D1B2CFB503D00FDBFEE /* Sources */ = {
			isa = PBXSourcesBuildPhase;
			buildActionMask = 2147483647;
			files = (
			);
			runOnlyForDeploymentPostprocessing = 0;
		};
		98E41D252CFB503D00FDBFEE /* Sources */ = {
			isa = PBXSourcesBuildPhase;
			buildActionMask = 2147483647;
			files = (
			);
			runOnlyForDeploymentPostprocessing = 0;
		};
/* End PBXSourcesBuildPhase section */

/* Begin PBXTargetDependency section */
		98E41D212CFB503D00FDBFEE /* PBXTargetDependency */ = {
			isa = PBXTargetDependency;
			target = 98E41D082CFB503D00FDBFEE /* currencyExchange */;
			targetProxy = 98E41D202CFB503D00FDBFEE /* PBXContainerItemProxy */;
		};
		98E41D2B2CFB503D00FDBFEE /* PBXTargetDependency */ = {
			isa = PBXTargetDependency;
			target = 98E41D082CFB503D00FDBFEE /* currencyExchange */;
			targetProxy = 98E41D2A2CFB503D00FDBFEE /* PBXContainerItemProxy */;
		};
/* End PBXTargetDependency section */

/* Begin XCBuildConfiguration section */
		98E41D332CFB503D00FDBFEE /* Debug */ = {
			isa = XCBuildConfiguration;
			buildSettings = {
				ASSETCATALOG_COMPILER_APPICON_NAME = AppIcon;
				ASSETCATALOG_COMPILER_GLOBAL_ACCENT_COLOR_NAME = AccentColor;
				CODE_SIGN_STYLE = Automatic;
				CURRENT_PROJECT_VERSION = 1;
				GENERATE_INFOPLIST_FILE = YES;
				INFOPLIST_FILE = currencyExchange/Info.plist;
				INFOPLIST_KEY_UIApplicationSupportsIndirectInputEvents = YES;
				INFOPLIST_KEY_UILaunchStoryboardName = LaunchScreen;
				INFOPLIST_KEY_UIMainStoryboardFile = Main;
				INFOPLIST_KEY_UISupportedInterfaceOrientations_iPad = "UIInterfaceOrientationPortrait UIInterfaceOrientationPortraitUpsideDown UIInterfaceOrientationLandscapeLeft UIInterfaceOrientationLandscapeRight";
				INFOPLIST_KEY_UISupportedInterfaceOrientations_iPhone = "UIInterfaceOrientationPortrait UIInterfaceOrientationLandscapeLeft UIInterfaceOrientationLandscapeRight";
				LD_RUNPATH_SEARCH_PATHS = (
					"$(inherited)",
					"@executable_path/Frameworks",
				);
				MARKETING_VERSION = 1.0;
				PRODUCT_BUNDLE_IDENTIFIER = com.demo.currency.currencyExchange;
				PRODUCT_NAME = "$(TARGET_NAME)";
				SWIFT_EMIT_LOC_STRINGS = YES;
				SWIFT_VERSION = 5.0;
				TARGETED_DEVICE_FAMILY = "1,2";
			};
			name = Debug;
		};
		98E41D342CFB503D00FDBFEE /* Release */ = {
			isa = XCBuildConfiguration;
			buildSettings = {
				ASSETCATALOG_COMPILER_APPICON_NAME = AppIcon;
				ASSETCATALOG_COMPILER_GLOBAL_ACCENT_COLOR_NAME = AccentColor;
				CODE_SIGN_STYLE = Automatic;
				CURRENT_PROJECT_VERSION = 1;
				GENERATE_INFOPLIST_FILE = YES;
				INFOPLIST_FILE = currencyExchange/Info.plist;
				INFOPLIST_KEY_UIApplicationSupportsIndirectInputEvents = YES;
				INFOPLIST_KEY_UILaunchStoryboardName = LaunchScreen;
				INFOPLIST_KEY_UIMainStoryboardFile = Main;
				INFOPLIST_KEY_UISupportedInterfaceOrientations_iPad = "UIInterfaceOrientationPortrait UIInterfaceOrientationPortraitUpsideDown UIInterfaceOrientationLandscapeLeft UIInterfaceOrientationLandscapeRight";
				INFOPLIST_KEY_UISupportedInterfaceOrientations_iPhone = "UIInterfaceOrientationPortrait UIInterfaceOrientationLandscapeLeft UIInterfaceOrientationLandscapeRight";
				LD_RUNPATH_SEARCH_PATHS = (
					"$(inherited)",
					"@executable_path/Frameworks",
				);
				MARKETING_VERSION = 1.0;
				PRODUCT_BUNDLE_IDENTIFIER = com.demo.currency.currencyExchange;
				PRODUCT_NAME = "$(TARGET_NAME)";
				SWIFT_EMIT_LOC_STRINGS = YES;
				SWIFT_VERSION = 5.0;
				TARGETED_DEVICE_FAMILY = "1,2";
			};
			name = Release;
		};
		98E41D352CFB503D00FDBFEE /* Debug */ = {
			isa = XCBuildConfiguration;
			buildSettings = {
				ALWAYS_SEARCH_USER_PATHS = NO;
				ASSETCATALOG_COMPILER_GENERATE_SWIFT_ASSET_SYMBOL_EXTENSIONS = YES;
				CLANG_ANALYZER_NONNULL = YES;
				CLANG_ANALYZER_NUMBER_OBJECT_CONVERSION = YES_AGGRESSIVE;
				CLANG_CXX_LANGUAGE_STANDARD = "gnu++20";
				CLANG_ENABLE_MODULES = YES;
				CLANG_ENABLE_OBJC_ARC = YES;
				CLANG_ENABLE_OBJC_WEAK = YES;
				CLANG_WARN_BLOCK_CAPTURE_AUTORELEASING = YES;
				CLANG_WARN_BOOL_CONVERSION = YES;
				CLANG_WARN_COMMA = YES;
				CLANG_WARN_CONSTANT_CONVERSION = YES;
				CLANG_WARN_DEPRECATED_OBJC_IMPLEMENTATIONS = YES;
				CLANG_WARN_DIRECT_OBJC_ISA_USAGE = YES_ERROR;
				CLANG_WARN_DOCUMENTATION_COMMENTS = YES;
				CLANG_WARN_EMPTY_BODY = YES;
				CLANG_WARN_ENUM_CONVERSION = YES;
				CLANG_WARN_INFINITE_RECURSION = YES;
				CLANG_WARN_INT_CONVERSION = YES;
				CLANG_WARN_NON_LITERAL_NULL_CONVERSION = YES;
				CLANG_WARN_OBJC_IMPLICIT_RETAIN_SELF = YES;
				CLANG_WARN_OBJC_LITERAL_CONVERSION = YES;
				CLANG_WARN_OBJC_ROOT_CLASS = YES_ERROR;
				CLANG_WARN_QUOTED_INCLUDE_IN_FRAMEWORK_HEADER = YES;
				CLANG_WARN_RANGE_LOOP_ANALYSIS = YES;
				CLANG_WARN_STRICT_PROTOTYPES = YES;
				CLANG_WARN_SUSPICIOUS_MOVE = YES;
				CLANG_WARN_UNGUARDED_AVAILABILITY = YES_AGGRESSIVE;
				CLANG_WARN_UNREACHABLE_CODE = YES;
				CLANG_WARN__DUPLICATE_METHOD_MATCH = YES;
				COPY_PHASE_STRIP = NO;
				DEBUG_INFORMATION_FORMAT = dwarf;
				ENABLE_STRICT_OBJC_MSGSEND = YES;
				ENABLE_TESTABILITY = YES;
				ENABLE_USER_SCRIPT_SANDBOXING = YES;
				GCC_C_LANGUAGE_STANDARD = gnu17;
				GCC_DYNAMIC_NO_PIC = NO;
				GCC_NO_COMMON_BLOCKS = YES;
				GCC_OPTIMIZATION_LEVEL = 0;
				GCC_PREPROCESSOR_DEFINITIONS = (
					"DEBUG=1",
					"$(inherited)",
				);
				GCC_WARN_64_TO_32_BIT_CONVERSION = YES;
				GCC_WARN_ABOUT_RETURN_TYPE = YES_ERROR;
				GCC_WARN_UNDECLARED_SELECTOR = YES;
				GCC_WARN_UNINITIALIZED_AUTOS = YES_AGGRESSIVE;
				GCC_WARN_UNUSED_FUNCTION = YES;
				GCC_WARN_UNUSED_VARIABLE = YES;
				IPHONEOS_DEPLOYMENT_TARGET = 18.1;
				LOCALIZATION_PREFERS_STRING_CATALOGS = YES;
				MTL_ENABLE_DEBUG_INFO = INCLUDE_SOURCE;
				MTL_FAST_MATH = YES;
				ONLY_ACTIVE_ARCH = YES;
				SDKROOT = iphoneos;
				SWIFT_ACTIVE_COMPILATION_CONDITIONS = "DEBUG $(inherited)";
				SWIFT_OPTIMIZATION_LEVEL = "-Onone";
			};
			name = Debug;
		};
		98E41D362CFB503D00FDBFEE /* Release */ = {
			isa = XCBuildConfiguration;
			buildSettings = {
				ALWAYS_SEARCH_USER_PATHS = NO;
				ASSETCATALOG_COMPILER_GENERATE_SWIFT_ASSET_SYMBOL_EXTENSIONS = YES;
				CLANG_ANALYZER_NONNULL = YES;
				CLANG_ANALYZER_NUMBER_OBJECT_CONVERSION = YES_AGGRESSIVE;
				CLANG_CXX_LANGUAGE_STANDARD = "gnu++20";
				CLANG_ENABLE_MODULES = YES;
				CLANG_ENABLE_OBJC_ARC = YES;
				CLANG_ENABLE_OBJC_WEAK = YES;
				CLANG_WARN_BLOCK_CAPTURE_AUTORELEASING = YES;
				CLANG_WARN_BOOL_CONVERSION = YES;
				CLANG_WARN_COMMA = YES;
				CLANG_WARN_CONSTANT_CONVERSION = YES;
				CLANG_WARN_DEPRECATED_OBJC_IMPLEMENTATIONS = YES;
				CLANG_WARN_DIRECT_OBJC_ISA_USAGE = YES_ERROR;
				CLANG_WARN_DOCUMENTATION_COMMENTS = YES;
				CLANG_WARN_EMPTY_BODY = YES;
				CLANG_WARN_ENUM_CONVERSION = YES;
				CLANG_WARN_INFINITE_RECURSION = YES;
				CLANG_WARN_INT_CONVERSION = YES;
				CLANG_WARN_NON_LITERAL_NULL_CONVERSION = YES;
				CLANG_WARN_OBJC_IMPLICIT_RETAIN_SELF = YES;
				CLANG_WARN_OBJC_LITERAL_CONVERSION = YES;
				CLANG_WARN_OBJC_ROOT_CLASS = YES_ERROR;
				CLANG_WARN_QUOTED_INCLUDE_IN_FRAMEWORK_HEADER = YES;
				CLANG_WARN_RANGE_LOOP_ANALYSIS = YES;
				CLANG_WARN_STRICT_PROTOTYPES = YES;
				CLANG_WARN_SUSPICIOUS_MOVE = YES;
				CLANG_WARN_UNGUARDED_AVAILABILITY = YES_AGGRESSIVE;
				CLANG_WARN_UNREACHABLE_CODE = YES;
				CLANG_WARN__DUPLICATE_METHOD_MATCH = YES;
				COPY_PHASE_STRIP = NO;
				DEBUG_INFORMATION_FORMAT = "dwarf-with-dsym";
				ENABLE_NS_ASSERTIONS = NO;
				ENABLE_STRICT_OBJC_MSGSEND = YES;
				ENABLE_USER_SCRIPT_SANDBOXING = YES;
				GCC_C_LANGUAGE_STANDARD = gnu17;
				GCC_NO_COMMON_BLOCKS = YES;
				GCC_WARN_64_TO_32_BIT_CONVERSION = YES;
				GCC_WARN_ABOUT_RETURN_TYPE = YES_ERROR;
				GCC_WARN_UNDECLARED_SELECTOR = YES;
				GCC_WARN_UNINITIALIZED_AUTOS = YES_AGGRESSIVE;
				GCC_WARN_UNUSED_FUNCTION = YES;
				GCC_WARN_UNUSED_VARIABLE = YES;
				IPHONEOS_DEPLOYMENT_TARGET = 18.1;
				LOCALIZATION_PREFERS_STRING_CATALOGS = YES;
				MTL_ENABLE_DEBUG_INFO = NO;
				MTL_FAST_MATH = YES;
				SDKROOT = iphoneos;
				SWIFT_COMPILATION_MODE = wholemodule;
				VALIDATE_PRODUCT = YES;
			};
			name = Release;
		};
		98E41D382CFB503D00FDBFEE /* Debug */ = {
			isa = XCBuildConfiguration;
			buildSettings = {
				BUNDLE_LOADER = "$(TEST_HOST)";
				CODE_SIGN_STYLE = Automatic;
				CURRENT_PROJECT_VERSION = 1;
				GENERATE_INFOPLIST_FILE = YES;
				IPHONEOS_DEPLOYMENT_TARGET = 18.1;
				MARKETING_VERSION = 1.0;
				PRODUCT_BUNDLE_IDENTIFIER = com.demo.currency.currencyExchangeTests;
				PRODUCT_NAME = "$(TARGET_NAME)";
				SWIFT_EMIT_LOC_STRINGS = NO;
				SWIFT_VERSION = 5.0;
				TARGETED_DEVICE_FAMILY = "1,2";
				TEST_HOST = "$(BUILT_PRODUCTS_DIR)/currencyExchange.app/$(BUNDLE_EXECUTABLE_FOLDER_PATH)/currencyExchange";
			};
			name = Debug;
		};
		98E41D392CFB503D00FDBFEE /* Release */ = {
			isa = XCBuildConfiguration;
			buildSettings = {
				BUNDLE_LOADER = "$(TEST_HOST)";
				CODE_SIGN_STYLE = Automatic;
				CURRENT_PROJECT_VERSION = 1;
				GENERATE_INFOPLIST_FILE = YES;
				IPHONEOS_DEPLOYMENT_TARGET = 18.1;
				MARKETING_VERSION = 1.0;
				PRODUCT_BUNDLE_IDENTIFIER = com.demo.currency.currencyExchangeTests;
				PRODUCT_NAME = "$(TARGET_NAME)";
				SWIFT_EMIT_LOC_STRINGS = NO;
				SWIFT_VERSION = 5.0;
				TARGETED_DEVICE_FAMILY = "1,2";
				TEST_HOST = "$(BUILT_PRODUCTS_DIR)/currencyExchange.app/$(BUNDLE_EXECUTABLE_FOLDER_PATH)/currencyExchange";
			};
			name = Release;
		};
		98E41D3B2CFB503D00FDBFEE /* Debug */ = {
			isa = XCBuildConfiguration;
			buildSettings = {
				CODE_SIGN_STYLE = Automatic;
				CURRENT_PROJECT_VERSION = 1;
				GENERATE_INFOPLIST_FILE = YES;
				MARKETING_VERSION = 1.0;
				PRODUCT_BUNDLE_IDENTIFIER = com.demo.currency.currencyExchangeUITests;
				PRODUCT_NAME = "$(TARGET_NAME)";
				SWIFT_EMIT_LOC_STRINGS = NO;
				SWIFT_VERSION = 5.0;
				TARGETED_DEVICE_FAMILY = "1,2";
				TEST_TARGET_NAME = currencyExchange;
			};
			name = Debug;
		};
		98E41D3C2CFB503D00FDBFEE /* Release */ = {
			isa = XCBuildConfiguration;
			buildSettings = {
				CODE_SIGN_STYLE = Automatic;
				CURRENT_PROJECT_VERSION = 1;
				GENERATE_INFOPLIST_FILE = YES;
				MARKETING_VERSION = 1.0;
				PRODUCT_BUNDLE_IDENTIFIER = com.demo.currency.currencyExchangeUITests;
				PRODUCT_NAME = "$(TARGET_NAME)";
				SWIFT_EMIT_LOC_STRINGS = NO;
				SWIFT_VERSION = 5.0;
				TARGETED_DEVICE_FAMILY = "1,2";
				TEST_TARGET_NAME = currencyExchange;
			};
			name = Release;
		};
/* End XCBuildConfiguration section */

/* Begin XCConfigurationList section */
		98E41D042CFB503D00FDBFEE /* Build configuration list for PBXProject "currencyExchange" */ = {
			isa = XCConfigurationList;
			buildConfigurations = (
				98E41D352CFB503D00FDBFEE /* Debug */,
				98E41D362CFB503D00FDBFEE /* Release */,
			);
			defaultConfigurationIsVisible = 0;
			defaultConfigurationName = Release;
		};
		98E41D322CFB503D00FDBFEE /* Build configuration list for PBXNativeTarget "currencyExchange" */ = {
			isa = XCConfigurationList;
			buildConfigurations = (
				98E41D332CFB503D00FDBFEE /* Debug */,
				98E41D342CFB503D00FDBFEE /* Release */,
			);
			defaultConfigurationIsVisible = 0;
			defaultConfigurationName = Release;
		};
		98E41D372CFB503D00FDBFEE /* Build configuration list for PBXNativeTarget "currencyExchangeTests" */ = {
			isa = XCConfigurationList;
			buildConfigurations = (
				98E41D382CFB503D00FDBFEE /* Debug */,
				98E41D392CFB503D00FDBFEE /* Release */,
			);
			defaultConfigurationIsVisible = 0;
			defaultConfigurationName = Release;
		};
		98E41D3A2CFB503D00FDBFEE /* Build configuration list for PBXNativeTarget "currencyExchangeUITests" */ = {
			isa = XCConfigurationList;
			buildConfigurations = (
				98E41D3B2CFB503D00FDBFEE /* Debug */,
				98E41D3C2CFB503D00FDBFEE /* Release */,
			);
			defaultConfigurationIsVisible = 0;
			defaultConfigurationName = Release;
		};
/* End XCConfigurationList section */
	};
	rootObject = 98E41D012CFB503D00FDBFEE /* Project object */;
}
